
Microsoft Visual Studio Solution File, Format Version 12.00
# Visual Studio Version 17
VisualStudioVersion = 17.9.34723.18
MinimumVisualStudioVersion = 10.0.40219.1
Project("{FAE04EC0-301F-11D3-BF4B-00C04F79EFBC}") = "apiClinica", "apiClinica\apiClinica.csproj", "{A8B6120B-0758-4A48-AFF8-348D62CBE065}"
EndProject
Global
	GlobalSection(SolutionConfigurationPlatforms) = preSolution
		Debug|Any CPU = Debug|Any CPU
		Release|Any CPU = Release|Any CPU
	EndGlobalSection
	GlobalSection(ProjectConfigurationPlatforms) = postSolution
		{A8B6120B-0758-4A48-AFF8-348D62CBE065}.Debug|Any CPU.ActiveCfg = Debug|Any CPU
		{A8B6120B-0758-4A48-AFF8-348D62CBE065}.Debug|Any CPU.Build.0 = Debug|Any CPU
		{A8B6120B-0758-4A48-AFF8-348D62CBE065}.Release|Any CPU.ActiveCfg = Release|Any CPU
		{A8B6120B-0758-4A48-AFF8-348D62CBE065}.Release|Any CPU.Build.0 = Release|Any CPU
	EndGlobalSection
	GlobalSection(SolutionProperties) = preSolution
		HideSolutionNode = FALSE
	EndGlobalSection
	GlobalSection(ExtensibilityGlobals) = postSolution
		SolutionGuid = {473017C9-448E-43CB-ACA0-D7C9E1BC7540}
	EndGlobalSection
EndGlobal
